// !$*UTF8*$!
{
	archiveVersion = 1;
	classes = {
	};
	objectVersion = 50;
	objects = {

/* Begin PBXBuildFile section */
		FAD4B2F1247DC5FE00A29E18 /* AppDelegate.swift in Sources */ = {isa = PBXBuildFile; fileRef = FAD4B2F0247DC5FE00A29E18 /* AppDelegate.swift */; };
		FAD4B2F3247DC5FE00A29E18 /* SceneDelegate.swift in Sources */ = {isa = PBXBuildFile; fileRef = FAD4B2F2247DC5FE00A29E18 /* SceneDelegate.swift */; };
		FAD4B2F5247DC5FE00A29E18 /* ViewController.swift in Sources */ = {isa = PBXBuildFile; fileRef = FAD4B2F4247DC5FE00A29E18 /* ViewController.swift */; };
		FAD4B2F8247DC5FE00A29E18 /* Main.storyboard in Resources */ = {isa = PBXBuildFile; fileRef = FAD4B2F6247DC5FE00A29E18 /* Main.storyboard */; };
		FAD4B2FA247DC5FF00A29E18 /* Assets.xcassets in Resources */ = {isa = PBXBuildFile; fileRef = FAD4B2F9247DC5FF00A29E18 /* Assets.xcassets */; };
		FAD4B2FD247DC5FF00A29E18 /* LaunchScreen.storyboard in Resources */ = {isa = PBXBuildFile; fileRef = FAD4B2FB247DC5FF00A29E18 /* LaunchScreen.storyboard */; };
/* End PBXBuildFile section */

/* Begin PBXFileReference section */
		FAD4B2ED247DC5FE00A29E18 /* Piano Tilez.app */ = {isa = PBXFileReference; explicitFileType = wrapper.application; includeInIndex = 0; path = "Piano Tilez.app"; sourceTree = BUILT_PRODUCTS_DIR; };
		FAD4B2F0247DC5FE00A29E18 /* AppDelegate.swift */ = {isa = PBXFileReference; lastKnownFileType = sourcecode.swift; path = AppDelegate.swift; sourceTree = "<group>"; };
		FAD4B2F2247DC5FE00A29E18 /* SceneDelegate.swift */ = {isa = PBXFileReference; lastKnownFileType = sourcecode.swift; path = SceneDelegate.swift; sourceTree = "<group>"; };
		FAD4B2F4247DC5FE00A29E18 /* ViewController.swift */ = {isa = PBXFileReference; lastKnownFileType = sourcecode.swift; path = ViewController.swift; sourceTree = "<group>"; };
		FAD4B2F7247DC5FE00A29E18 /* Base */ = {isa = PBXFileReference; lastKnownFileType = file.storyboard; name = Base; path = Base.lproj/Main.storyboard; sourceTree = "<group>"; };
		FAD4B2F9247DC5FF00A29E18 /* Assets.xcassets */ = {isa = PBXFileReference; lastKnownFileType = folder.assetcatalog; path = Assets.xcassets; sourceTree = "<group>"; };
		FAD4B2FC247DC5FF00A29E18 /* Base */ = {isa = PBXFileReference; lastKnownFileType = file.storyboard; name = Base; path = Base.lproj/LaunchScreen.storyboard; sourceTree = "<group>"; };
		FAD4B2FE247DC5FF00A29E18 /* Info.plist */ = {isa = PBXFileReference; lastKnownFileType = text.plist.xml; path = Info.plist; sourceTree = "<group>"; };
/* End PBXFileReference section */

/* Begin PBXFrameworksBuildPhase section */
		FAD4B2EA247DC5FE00A29E18 /* Frameworks */ = {
			isa = PBXFrameworksBuildPhase;
			buildActionMask = 2147483647;
			files = (
			);
			runOnlyForDeploymentPostprocessing = 0;
		};
/* End PBXFrameworksBuildPhase section */

/* Begin PBXGroup section */
		FAD4B2E4247DC5FE00A29E18 = {
			isa = PBXGroup;
			children = (
				FAD4B2EF247DC5FE00A29E18 /* calculator */,
				FAD4B2EE247DC5FE00A29E18 /* Products */,
			);
			sourceTree = "<group>";
		};
		FAD4B2EE247DC5FE00A29E18 /* Products */ = {
			isa = PBXGroup;
			children = (
				FAD4B2ED247DC5FE00A29E18 /* Piano Tilez.app */,
			);
			name = Products;
			sourceTree = "<group>";
		};
		FAD4B2EF247DC5FE00A29E18 /* calculator */ = {
			isa = PBXGroup;
			children = (
				FAD4B2F0247DC5FE00A29E18 /* AppDelegate.swift */,
				FAD4B2F2247DC5FE00A29E18 /* SceneDelegate.swift */,
				FAD4B2F4247DC5FE00A29E18 /* ViewController.swift */,
				FAD4B2F6247DC5FE00A29E18 /* Main.storyboard */,
				FAD4B2F9247DC5FF00A29E18 /* Assets.xcassets */,
				FAD4B2FB247DC5FF00A29E18 /* LaunchScreen.storyboard */,
				FAD4B2FE247DC5FF00A29E18 /* Info.plist */,
			);
			path = calculator;
			sourceTree = "<group>";
		};
/* End PBXGroup section */

/* Begin PBXNativeTarget section */
		FAD4B2EC247DC5FE00A29E18 /* calculator */ = {
			isa = PBXNativeTarget;
			buildConfigurationList = FAD4B301247DC5FF00A29E18 /* Build configuration list for PBXNativeTarget "calculator" */;
			buildPhases = (
				FAD4B2E9247DC5FE00A29E18 /* Sources */,
				FAD4B2EA247DC5FE00A29E18 /* Frameworks */,
				FAD4B2EB247DC5FE00A29E18 /* Resources */,
			);
			buildRules = (
			);
			dependencies = (
			);
			name = calculator;
			productName = calculator;
			productReference = FAD4B2ED247DC5FE00A29E18 /* Piano Tilez.app */;
			productType = "com.apple.product-type.application";
		};
/* End PBXNativeTarget section */

/* Begin PBXProject section */
		FAD4B2E5247DC5FE00A29E18 /* Project object */ = {
			isa = PBXProject;
			attributes = {
				LastSwiftUpdateCheck = 1150;
				LastUpgradeCheck = 1150;
				ORGANIZATIONNAME = "Sigil Wen";
				TargetAttributes = {
					FAD4B2EC247DC5FE00A29E18 = {
						CreatedOnToolsVersion = 11.5;
					};
				};
			};
			buildConfigurationList = FAD4B2E8247DC5FE00A29E18 /* Build configuration list for PBXProject "calculator" */;
			compatibilityVersion = "Xcode 9.3";
			developmentRegion = en;
			hasScannedForEncodings = 0;
			knownRegions = (
				en,
				Base,
			);
			mainGroup = FAD4B2E4247DC5FE00A29E18;
			productRefGroup = FAD4B2EE247DC5FE00A29E18 /* Products */;
			projectDirPath = "";
			projectRoot = "";
			targets = (
				FAD4B2EC247DC5FE00A29E18 /* calculator */,
			);
		};
/* End PBXProject section */

/* Begin PBXResourcesBuildPhase section */
		FAD4B2EB247DC5FE00A29E18 /* Resources */ = {
			isa = PBXResourcesBuildPhase;
			buildActionMask = 2147483647;
			files = (
				FAD4B2FD247DC5FF00A29E18 /* LaunchScreen.storyboard in Resources */,
				FAD4B2FA247DC5FF00A29E18 /* Assets.xcassets in Resources */,
				FAD4B2F8247DC5FE00A29E18 /* Main.storyboard in Resources */,
			);
			runOnlyForDeploymentPostprocessing = 0;
		};
/* End PBXResourcesBuildPhase section */

/* Begin PBXSourcesBuildPhase section */
		FAD4B2E9247DC5FE00A29E18 /* Sources */ = {
			isa = PBXSourcesBuildPhase;
			buildActionMask = 2147483647;
			files = (
				FAD4B2F5247DC5FE00A29E18 /* ViewController.swift in Sources */,
				FAD4B2F1247DC5FE00A29E18 /* AppDelegate.swift in Sources */,
				FAD4B2F3247DC5FE00A29E18 /* SceneDelegate.swift in Sources */,
			);
			runOnlyForDeploymentPostprocessing = 0;
		};
/* End PBXSourcesBuildPhase section */

/* Begin PBXVariantGroup section */
		FAD4B2F6247DC5FE00A29E18 /* Main.storyboard */ = {
			isa = PBXVariantGroup;
			children = (
				FAD4B2F7247DC5FE00A29E18 /* Base */,
			);
			name = Main.storyboard;
			sourceTree = "<group>";
		};
		FAD4B2FB247DC5FF00A29E18 /* LaunchScreen.storyboard */ = {
			isa = PBXVariantGroup;
			children = (
				FAD4B2FC247DC5FF00A29E18 /* Base */,
			);
			name = LaunchScreen.storyboard;
			sourceTree = "<group>";
		};
/* End PBXVariantGroup section */

/* Begin XCBuildConfiguration section */
		FAD4B2FF247DC5FF00A29E18 /* Debug */ = {
			isa = XCBuildConfiguration;
			buildSettings = {
				ALWAYS_SEARCH_USER_PATHS = NO;
				CLANG_ANALYZER_NONNULL = YES;
				CLANG_ANALYZER_NUMBER_OBJECT_CONVERSION = YES_AGGRESSIVE;
				CLANG_CXX_LANGUAGE_STANDARD = "gnu++14";
				CLANG_CXX_LIBRARY = "libc++";
				CLANG_ENABLE_MODULES = YES;
				CLANG_ENABLE_OBJC_ARC = YES;
				CLANG_ENABLE_OBJC_WEAK = YES;
				CLANG_WARN_BLOCK_CAPTURE_AUTORELEASING = YES;
				CLANG_WARN_BOOL_CONVERSION = YES;
				CLANG_WARN_COMMA = YES;
				CLANG_WARN_CONSTANT_CONVERSION = YES;
				CLANG_WARN_DEPRECATED_OBJC_IMPLEMENTATIONS = YES;
				CLANG_WARN_DIRECT_OBJC_ISA_USAGE = YES_ERROR;
				CLANG_WARN_DOCUMENTATION_COMMENTS = YES;
				CLANG_WARN_EMPTY_BODY = YES;
				CLANG_WARN_ENUM_CONVERSION = YES;
				CLANG_WARN_INFINITE_RECURSION = YES;
				CLANG_WARN_INT_CONVERSION = YES;
				CLANG_WARN_NON_LITERAL_NULL_CONVERSION = YES;
				CLANG_WARN_OBJC_IMPLICIT_RETAIN_SELF = YES;
				CLANG_WARN_OBJC_LITERAL_CONVERSION = YES;
				CLANG_WARN_OBJC_ROOT_CLASS = YES_ERROR;
				CLANG_WARN_RANGE_LOOP_ANALYSIS = YES;
				CLANG_WARN_STRICT_PROTOTYPES = YES;
				CLANG_WARN_SUSPICIOUS_MOVE = YES;
				CLANG_WARN_UNGUARDED_AVAILABILITY = YES_AGGRESSIVE;
				CLANG_WARN_UNREACHABLE_CODE = YES;
				CLANG_WARN__DUPLICATE_METHOD_MATCH = YES;
				COPY_PHASE_STRIP = NO;
				DEBUG_INFORMATION_FORMAT = dwarf;
				ENABLE_STRICT_OBJC_MSGSEND = YES;
				ENABLE_TESTABILITY = YES;
				GCC_C_LANGUAGE_STANDARD = gnu11;
				GCC_DYNAMIC_NO_PIC = NO;
				GCC_NO_COMMON_BLOCKS = YES;
				GCC_OPTIMIZATION_LEVEL = 0;
				GCC_PREPROCESSOR_DEFINITIONS = (
					"DEBUG=1",
					"$(inherited)",
				);
				GCC_WARN_64_TO_32_BIT_CONVERSION = YES;
				GCC_WARN_ABOUT_RETURN_TYPE = YES_ERROR;
				GCC_WARN_UNDECLARED_SELECTOR = YES;
				GCC_WARN_UNINITIALIZED_AUTOS = YES_AGGRESSIVE;
				GCC_WARN_UNUSED_FUNCTION = YES;
				GCC_WARN_UNUSED_VARIABLE = YES;
				IPHONEOS_DEPLOYMENT_TARGET = 13.5;
				MTL_ENABLE_DEBUG_INFO = INCLUDE_SOURCE;
				MTL_FAST_MATH = YES;
				ONLY_ACTIVE_ARCH = YES;
				SDKROOT = iphoneos;
				SWIFT_ACTIVE_COMPILATION_CONDITIONS = DEBUG;
				SWIFT_OPTIMIZATION_LEVEL = "-Onone";
			};
			name = Debug;
		};
		FAD4B300247DC5FF00A29E18 /* Release */ = {
			isa = XCBuildConfiguration;
			buildSettings = {
				ALWAYS_SEARCH_USER_PATHS = NO;
				CLANG_ANALYZER_NONNULL = YES;
				CLANG_ANALYZER_NUMBER_OBJECT_CONVERSION = YES_AGGRESSIVE;
				CLANG_CXX_LANGUAGE_STANDARD = "gnu++14";
				CLANG_CXX_LIBRARY = "libc++";
				CLANG_ENABLE_MODULES = YES;
				CLANG_ENABLE_OBJC_ARC = YES;
				CLANG_ENABLE_OBJC_WEAK = YES;
				CLANG_WARN_BLOCK_CAPTURE_AUTORELEASING = YES;
				CLANG_WARN_BOOL_CONVERSION = YES;
				CLANG_WARN_COMMA = YES;
				CLANG_WARN_CONSTANT_CONVERSION = YES;
				CLANG_WARN_DEPRECATED_OBJC_IMPLEMENTATIONS = YES;
				CLANG_WARN_DIRECT_OBJC_ISA_USAGE = YES_ERROR;
				CLANG_WARN_DOCUMENTATION_COMMENTS = YES;
				CLANG_WARN_EMPTY_BODY = YES;
				CLANG_WARN_ENUM_CONVERSION = YES;
				CLANG_WARN_INFINITE_RECURSION = YES;
				CLANG_WARN_INT_CONVERSION = YES;
				CLANG_WARN_NON_LITERAL_NULL_CONVERSION = YES;
				CLANG_WARN_OBJC_IMPLICIT_RETAIN_SELF = YES;
				CLANG_WARN_OBJC_LITERAL_CONVERSION = YES;
				CLANG_WARN_OBJC_ROOT_CLASS = YES_ERROR;
				CLANG_WARN_RANGE_LOOP_ANALYSIS = YES;
				CLANG_WARN_STRICT_PROTOTYPES = YES;
				CLANG_WARN_SUSPICIOUS_MOVE = YES;
				CLANG_WARN_UNGUARDED_AVAILABILITY = YES_AGGRESSIVE;
				CLANG_WARN_UNREACHABLE_CODE = YES;
				CLANG_WARN__DUPLICATE_METHOD_MATCH = YES;
				COPY_PHASE_STRIP = NO;
				DEBUG_INFORMATION_FORMAT = "dwarf-with-dsym";
				ENABLE_NS_ASSERTIONS = NO;
				ENABLE_STRICT_OBJC_MSGSEND = YES;
				GCC_C_LANGUAGE_STANDARD = gnu11;
				GCC_NO_COMMON_BLOCKS = YES;
				GCC_WARN_64_TO_32_BIT_CONVERSION = YES;
				GCC_WARN_ABOUT_RETURN_TYPE = YES_ERROR;
				GCC_WARN_UNDECLARED_SELECTOR = YES;
				GCC_WARN_UNINITIALIZED_AUTOS = YES_AGGRESSIVE;
				GCC_WARN_UNUSED_FUNCTION = YES;
				GCC_WARN_UNUSED_VARIABLE = YES;
				IPHONEOS_DEPLOYMENT_TARGET = 13.5;
				MTL_ENABLE_DEBUG_INFO = NO;
				MTL_FAST_MATH = YES;
				SDKROOT = iphoneos;
				SWIFT_COMPILATION_MODE = wholemodule;
				SWIFT_OPTIMIZATION_LEVEL = "-O";
				VALIDATE_PRODUCT = YES;
			};
			name = Release;
		};
		FAD4B302247DC5FF00A29E18 /* Debug */ = {
			isa = XCBuildConfiguration;
			buildSettings = {
				ASSETCATALOG_COMPILER_APPICON_NAME = AppIcon;
				CODE_SIGN_STYLE = Automatic;
				DEVELOPMENT_TEAM = F2NV98J775;
				INFOPLIST_FILE = calculator/Info.plist;
				LD_RUNPATH_SEARCH_PATHS = (
					"$(inherited)",
					"@executable_path/Frameworks",
				);
				PRODUCT_BUNDLE_IDENTIFIER = ca.sigilwen.calculator;
				PRODUCT_NAME = "Piano Tilez";
				SWIFT_VERSION = 5.0;
				TARGETED_DEVICE_FAMILY = "1,2";
			};
			name = Debug;
		};
		FAD4B303247DC5FF00A29E18 /* Release */ = {
			isa = XCBuildConfiguration;
			buildSettings = {
				ASSETCATALOG_COMPILER_APPICON_NAME = AppIcon;
				CODE_SIGN_STYLE = Automatic;
				DEVELOPMENT_TEAM = F2NV98J775;
				INFOPLIST_FILE = calculator/Info.plist;
				LD_RUNPATH_SEARCH_PATHS = (
					"$(inherited)",
					"@executable_path/Frameworks",
				);
				PRODUCT_BUNDLE_IDENTIFIER = ca.sigilwen.calculator;
				PRODUCT_NAME = "Piano Tilez";
				SWIFT_VERSION = 5.0;
				TARGETED_DEVICE_FAMILY = "1,2";
			};
			name = Release;
		};
/* End XCBuildConfiguration section */

/* Begin XCConfigurationList section */
		FAD4B2E8247DC5FE00A29E18 /* Build configuration list for PBXProject "calculator" */ = {
			isa = XCConfigurationList;
			buildConfigurations = (
				FAD4B2FF247DC5FF00A29E18 /* Debug */,
				FAD4B300247DC5FF00A29E18 /* Release */,
			);
			defaultConfigurationIsVisible = 0;
			defaultConfigurationName = Release;
		};
		FAD4B301247DC5FF00A29E18 /* Build configuration list for PBXNativeTarget "calculator" */ = {
			isa = XCConfigurationList;
			buildConfigurations = (
				FAD4B302247DC5FF00A29E18 /* Debug */,
				FAD4B303247DC5FF00A29E18 /* Release */,
			);
			defaultConfigurationIsVisible = 0;
			defaultConfigurationName = Release;
		};
/* End XCConfigurationList section */
	};
	rootObject = FAD4B2E5247DC5FE00A29E18 /* Project object */;
}
